
Microsoft Visual Studio Solution File, Format Version 12.00
# Visual Studio 15
VisualStudioVersion = 15.0.27004.2009
MinimumVisualStudioVersion = 10.0.40219.1
Project("{FAE04EC0-301F-11D3-BF4B-00C04F79EFBC}") = "SendMedia", "SendMedia.csproj", "{1FCD1B27-7A88-4338-863C-EC41586F392B}"
EndProject
Global
	GlobalSection(SolutionConfigurationPlatforms) = preSolution
		Debug|Any CPU = Debug|Any CPU
		Release|Any CPU = Release|Any CPU
	EndGlobalSection
	GlobalSection(ProjectConfigurationPlatforms) = postSolution
		{1FCD1B27-7A88-4338-863C-EC41586F392B}.Debug|Any CPU.ActiveCfg = Debug|Any CPU
		{1FCD1B27-7A88-4338-863C-EC41586F392B}.Debug|Any CPU.Build.0 = Debug|Any CPU
		{1FCD1B27-7A88-4338-863C-EC41586F392B}.Release|Any CPU.ActiveCfg = Release|Any CPU
		{1FCD1B27-7A88-4338-863C-EC41586F392B}.Release|Any CPU.Build.0 = Release|Any CPU
	EndGlobalSection
	GlobalSection(SolutionProperties) = preSolution
		HideSolutionNode = FALSE
	EndGlobalSection
	GlobalSection(ExtensibilityGlobals) = postSolution
		SolutionGuid = {7CBAB679-2285-4D6F-9430-E3690B05770B}
	EndGlobalSection
EndGlobal
